// !$*UTF8*$!
{
	archiveVersion = 1;
	classes = {
	};
	objectVersion = 50;
	objects = {

/* Begin PBXBuildFile section */
		72263173239103F700F68C2E /* WeatherDataModel.swift in Sources */ = {isa = PBXBuildFile; fileRef = 72263172239103F700F68C2E /* WeatherDataModel.swift */; };
		722631752391040600F68C2E /* AirQualityDataModel.swift in Sources */ = {isa = PBXBuildFile; fileRef = 722631742391040600F68C2E /* AirQualityDataModel.swift */; };
		722631782391046600F68C2E /* WeatherDataProvider.swift in Sources */ = {isa = PBXBuildFile; fileRef = 722631772391046600F68C2E /* WeatherDataProvider.swift */; };
		7226317A2391047400F68C2E /* AirQualityDataProvider.swift in Sources */ = {isa = PBXBuildFile; fileRef = 722631792391047400F68C2E /* AirQualityDataProvider.swift */; };
		7226317C239104AC00F68C2E /* DataProvider.swift in Sources */ = {isa = PBXBuildFile; fileRef = 7226317B239104AC00F68C2E /* DataProvider.swift */; };
		7226317E23912D6800F68C2E /* AirQualityCell.xib in Resources */ = {isa = PBXBuildFile; fileRef = 7226317D23912D6800F68C2E /* AirQualityCell.xib */; };
		7226318023912FF200F68C2E /* AirQualityCell.swift in Sources */ = {isa = PBXBuildFile; fileRef = 7226317F23912FF200F68C2E /* AirQualityCell.swift */; };
		722631822391373700F68C2E /* WeatherCell.xib in Resources */ = {isa = PBXBuildFile; fileRef = 722631812391373700F68C2E /* WeatherCell.xib */; };
		722631842391375500F68C2E /* WeatherCell.swift in Sources */ = {isa = PBXBuildFile; fileRef = 722631832391375500F68C2E /* WeatherCell.swift */; };
		722A9E812390DF0E009633E8 /* WeatherModel.swift in Sources */ = {isa = PBXBuildFile; fileRef = 722A9E802390DF0E009633E8 /* WeatherModel.swift */; };
		722A9E832390DFB3009633E8 /* AirQualityModel.swift in Sources */ = {isa = PBXBuildFile; fileRef = 722A9E822390DFB3009633E8 /* AirQualityModel.swift */; };
		722A9E862390E0B2009633E8 /* DataSource.swift in Sources */ = {isa = PBXBuildFile; fileRef = 722A9E852390E0B2009633E8 /* DataSource.swift */; };
		722A9E8E2390E8A8009633E8 /* MainViewController.swift in Sources */ = {isa = PBXBuildFile; fileRef = 722A9E8D2390E8A8009633E8 /* MainViewController.swift */; };
		72FE08B12390606D00A5472A /* AppDelegate.swift in Sources */ = {isa = PBXBuildFile; fileRef = 72FE08B02390606D00A5472A /* AppDelegate.swift */; };
		72FE08B32390606D00A5472A /* SceneDelegate.swift in Sources */ = {isa = PBXBuildFile; fileRef = 72FE08B22390606D00A5472A /* SceneDelegate.swift */; };
		72FE08B82390606D00A5472A /* Main.storyboard in Resources */ = {isa = PBXBuildFile; fileRef = 72FE08B62390606D00A5472A /* Main.storyboard */; };
		72FE08BA2390606E00A5472A /* Assets.xcassets in Resources */ = {isa = PBXBuildFile; fileRef = 72FE08B92390606E00A5472A /* Assets.xcassets */; };
		72FE08BD2390606E00A5472A /* LaunchScreen.storyboard in Resources */ = {isa = PBXBuildFile; fileRef = 72FE08BB2390606E00A5472A /* LaunchScreen.storyboard */; };
/* End PBXBuildFile section */

/* Begin PBXFileReference section */
		72263172239103F700F68C2E /* WeatherDataModel.swift */ = {isa = PBXFileReference; lastKnownFileType = sourcecode.swift; path = WeatherDataModel.swift; sourceTree = "<group>"; };
		722631742391040600F68C2E /* AirQualityDataModel.swift */ = {isa = PBXFileReference; lastKnownFileType = sourcecode.swift; path = AirQualityDataModel.swift; sourceTree = "<group>"; };
		722631772391046600F68C2E /* WeatherDataProvider.swift */ = {isa = PBXFileReference; lastKnownFileType = sourcecode.swift; path = WeatherDataProvider.swift; sourceTree = "<group>"; };
		722631792391047400F68C2E /* AirQualityDataProvider.swift */ = {isa = PBXFileReference; lastKnownFileType = sourcecode.swift; path = AirQualityDataProvider.swift; sourceTree = "<group>"; };
		7226317B239104AC00F68C2E /* DataProvider.swift */ = {isa = PBXFileReference; lastKnownFileType = sourcecode.swift; path = DataProvider.swift; sourceTree = "<group>"; };
		7226317D23912D6800F68C2E /* AirQualityCell.xib */ = {isa = PBXFileReference; lastKnownFileType = file.xib; path = AirQualityCell.xib; sourceTree = "<group>"; };
		7226317F23912FF200F68C2E /* AirQualityCell.swift */ = {isa = PBXFileReference; lastKnownFileType = sourcecode.swift; path = AirQualityCell.swift; sourceTree = "<group>"; };
		722631812391373700F68C2E /* WeatherCell.xib */ = {isa = PBXFileReference; lastKnownFileType = file.xib; path = WeatherCell.xib; sourceTree = "<group>"; };
		722631832391375500F68C2E /* WeatherCell.swift */ = {isa = PBXFileReference; lastKnownFileType = sourcecode.swift; path = WeatherCell.swift; sourceTree = "<group>"; };
		722A9E802390DF0E009633E8 /* WeatherModel.swift */ = {isa = PBXFileReference; lastKnownFileType = sourcecode.swift; path = WeatherModel.swift; sourceTree = "<group>"; };
		722A9E822390DFB3009633E8 /* AirQualityModel.swift */ = {isa = PBXFileReference; lastKnownFileType = sourcecode.swift; path = AirQualityModel.swift; sourceTree = "<group>"; };
		722A9E852390E0B2009633E8 /* DataSource.swift */ = {isa = PBXFileReference; lastKnownFileType = sourcecode.swift; path = DataSource.swift; sourceTree = "<group>"; };
		722A9E8D2390E8A8009633E8 /* MainViewController.swift */ = {isa = PBXFileReference; lastKnownFileType = sourcecode.swift; path = MainViewController.swift; sourceTree = "<group>"; };
		72FE08AD2390606D00A5472A /* SampleWeatherApp.app */ = {isa = PBXFileReference; explicitFileType = wrapper.application; includeInIndex = 0; path = SampleWeatherApp.app; sourceTree = BUILT_PRODUCTS_DIR; };
		72FE08B02390606D00A5472A /* AppDelegate.swift */ = {isa = PBXFileReference; lastKnownFileType = sourcecode.swift; path = AppDelegate.swift; sourceTree = "<group>"; };
		72FE08B22390606D00A5472A /* SceneDelegate.swift */ = {isa = PBXFileReference; lastKnownFileType = sourcecode.swift; path = SceneDelegate.swift; sourceTree = "<group>"; };
		72FE08B72390606D00A5472A /* Base */ = {isa = PBXFileReference; lastKnownFileType = file.storyboard; name = Base; path = Base.lproj/Main.storyboard; sourceTree = "<group>"; };
		72FE08B92390606E00A5472A /* Assets.xcassets */ = {isa = PBXFileReference; lastKnownFileType = folder.assetcatalog; path = Assets.xcassets; sourceTree = "<group>"; };
		72FE08BC2390606E00A5472A /* Base */ = {isa = PBXFileReference; lastKnownFileType = file.storyboard; name = Base; path = Base.lproj/LaunchScreen.storyboard; sourceTree = "<group>"; };
		72FE08BE2390606E00A5472A /* Info.plist */ = {isa = PBXFileReference; lastKnownFileType = text.plist.xml; path = Info.plist; sourceTree = "<group>"; };
/* End PBXFileReference section */

/* Begin PBXFrameworksBuildPhase section */
		72FE08AA2390606D00A5472A /* Frameworks */ = {
			isa = PBXFrameworksBuildPhase;
			buildActionMask = 2147483647;
			files = (
			);
			runOnlyForDeploymentPostprocessing = 0;
		};
/* End PBXFrameworksBuildPhase section */

/* Begin PBXGroup section */
		722631762391044E00F68C2E /* providers */ = {
			isa = PBXGroup;
			children = (
				722631772391046600F68C2E /* WeatherDataProvider.swift */,
				722631792391047400F68C2E /* AirQualityDataProvider.swift */,
				7226317B239104AC00F68C2E /* DataProvider.swift */,
			);
			path = providers;
			sourceTree = "<group>";
		};
		722A9E7C2390DE73009633E8 /* supportingFiles */ = {
			isa = PBXGroup;
			children = (
				72FE08B92390606E00A5472A /* Assets.xcassets */,
				72FE08B02390606D00A5472A /* AppDelegate.swift */,
				72FE08B22390606D00A5472A /* SceneDelegate.swift */,
			);
			path = supportingFiles;
			sourceTree = "<group>";
		};
		722A9E7D2390DED7009633E8 /* data */ = {
			isa = PBXGroup;
			children = (
				722A9E852390E0B2009633E8 /* DataSource.swift */,
			);
			path = data;
			sourceTree = "<group>";
		};
		722A9E7E2390DEDE009633E8 /* visuals */ = {
			isa = PBXGroup;
			children = (
				7226317D23912D6800F68C2E /* AirQualityCell.xib */,
				7226317F23912FF200F68C2E /* AirQualityCell.swift */,
				722631812391373700F68C2E /* WeatherCell.xib */,
				722631832391375500F68C2E /* WeatherCell.swift */,
			);
			path = visuals;
			sourceTree = "<group>";
		};
		722A9E7F2390DEE7009633E8 /* controllers */ = {
			isa = PBXGroup;
			children = (
				722A9E8D2390E8A8009633E8 /* MainViewController.swift */,
			);
			path = controllers;
			sourceTree = "<group>";
		};
		722A9E842390E086009633E8 /* model */ = {
			isa = PBXGroup;
			children = (
				722A9E802390DF0E009633E8 /* WeatherModel.swift */,
				722A9E822390DFB3009633E8 /* AirQualityModel.swift */,
				72263172239103F700F68C2E /* WeatherDataModel.swift */,
				722631742391040600F68C2E /* AirQualityDataModel.swift */,
			);
			path = model;
			sourceTree = "<group>";
		};
		72FE08A42390606D00A5472A = {
			isa = PBXGroup;
			children = (
				72FE08AF2390606D00A5472A /* SampleWeatherApp */,
				72FE08AE2390606D00A5472A /* Products */,
				722A9E7C2390DE73009633E8 /* supportingFiles */,
			);
			sourceTree = "<group>";
		};
		72FE08AE2390606D00A5472A /* Products */ = {
			isa = PBXGroup;
			children = (
				72FE08AD2390606D00A5472A /* SampleWeatherApp.app */,
			);
			name = Products;
			sourceTree = "<group>";
		};
		72FE08AF2390606D00A5472A /* SampleWeatherApp */ = {
			isa = PBXGroup;
			children = (
				722631762391044E00F68C2E /* providers */,
				722A9E7F2390DEE7009633E8 /* controllers */,
				722A9E7E2390DEDE009633E8 /* visuals */,
				722A9E7D2390DED7009633E8 /* data */,
				722A9E842390E086009633E8 /* model */,
				72FE08BE2390606E00A5472A /* Info.plist */,
				72FE08B62390606D00A5472A /* Main.storyboard */,
				72FE08BB2390606E00A5472A /* LaunchScreen.storyboard */,
			);
			path = SampleWeatherApp;
			sourceTree = "<group>";
		};
/* End PBXGroup section */

/* Begin PBXNativeTarget section */
		72FE08AC2390606D00A5472A /* SampleWeatherApp */ = {
			isa = PBXNativeTarget;
			buildConfigurationList = 72FE08C12390606E00A5472A /* Build configuration list for PBXNativeTarget "SampleWeatherApp" */;
			buildPhases = (
				72FE08A92390606D00A5472A /* Sources */,
				72FE08AA2390606D00A5472A /* Frameworks */,
				72FE08AB2390606D00A5472A /* Resources */,
			);
			buildRules = (
			);
			dependencies = (
			);
			name = SampleWeatherApp;
			productName = SampleWeatherApp;
			productReference = 72FE08AD2390606D00A5472A /* SampleWeatherApp.app */;
			productType = "com.apple.product-type.application";
		};
/* End PBXNativeTarget section */

/* Begin PBXProject section */
		72FE08A52390606D00A5472A /* Project object */ = {
			isa = PBXProject;
			attributes = {
				LastSwiftUpdateCheck = 1120;
				LastUpgradeCheck = 1120;
				ORGANIZATIONNAME = "APA Sp. z o. o.";
				TargetAttributes = {
					72FE08AC2390606D00A5472A = {
						CreatedOnToolsVersion = 11.2.1;
					};
				};
			};
			buildConfigurationList = 72FE08A82390606D00A5472A /* Build configuration list for PBXProject "SampleWeatherApp" */;
			compatibilityVersion = "Xcode 9.3";
			developmentRegion = en;
			hasScannedForEncodings = 0;
			knownRegions = (
				en,
				Base,
			);
			mainGroup = 72FE08A42390606D00A5472A;
			productRefGroup = 72FE08AE2390606D00A5472A /* Products */;
			projectDirPath = "";
			projectRoot = "";
			targets = (
				72FE08AC2390606D00A5472A /* SampleWeatherApp */,
			);
		};
/* End PBXProject section */

/* Begin PBXResourcesBuildPhase section */
		72FE08AB2390606D00A5472A /* Resources */ = {
			isa = PBXResourcesBuildPhase;
			buildActionMask = 2147483647;
			files = (
				7226317E23912D6800F68C2E /* AirQualityCell.xib in Resources */,
				72FE08BD2390606E00A5472A /* LaunchScreen.storyboard in Resources */,
				72FE08BA2390606E00A5472A /* Assets.xcassets in Resources */,
				72FE08B82390606D00A5472A /* Main.storyboard in Resources */,
				722631822391373700F68C2E /* WeatherCell.xib in Resources */,
			);
			runOnlyForDeploymentPostprocessing = 0;
		};
/* End PBXResourcesBuildPhase section */

/* Begin PBXSourcesBuildPhase section */
		72FE08A92390606D00A5472A /* Sources */ = {
			isa = PBXSourcesBuildPhase;
			buildActionMask = 2147483647;
			files = (
				722A9E832390DFB3009633E8 /* AirQualityModel.swift in Sources */,
				72FE08B12390606D00A5472A /* AppDelegate.swift in Sources */,
				72263173239103F700F68C2E /* WeatherDataModel.swift in Sources */,
				722A9E812390DF0E009633E8 /* WeatherModel.swift in Sources */,
				722631842391375500F68C2E /* WeatherCell.swift in Sources */,
				7226318023912FF200F68C2E /* AirQualityCell.swift in Sources */,
				722631752391040600F68C2E /* AirQualityDataModel.swift in Sources */,
				7226317C239104AC00F68C2E /* DataProvider.swift in Sources */,
				722A9E8E2390E8A8009633E8 /* MainViewController.swift in Sources */,
				722A9E862390E0B2009633E8 /* DataSource.swift in Sources */,
				7226317A2391047400F68C2E /* AirQualityDataProvider.swift in Sources */,
				72FE08B32390606D00A5472A /* SceneDelegate.swift in Sources */,
				722631782391046600F68C2E /* WeatherDataProvider.swift in Sources */,
			);
			runOnlyForDeploymentPostprocessing = 0;
		};
/* End PBXSourcesBuildPhase section */

/* Begin PBXVariantGroup section */
		72FE08B62390606D00A5472A /* Main.storyboard */ = {
			isa = PBXVariantGroup;
			children = (
				72FE08B72390606D00A5472A /* Base */,
			);
			name = Main.storyboard;
			sourceTree = "<group>";
		};
		72FE08BB2390606E00A5472A /* LaunchScreen.storyboard */ = {
			isa = PBXVariantGroup;
			children = (
				72FE08BC2390606E00A5472A /* Base */,
			);
			name = LaunchScreen.storyboard;
			sourceTree = "<group>";
		};
/* End PBXVariantGroup section */

/* Begin XCBuildConfiguration section */
		72FE08BF2390606E00A5472A /* Debug */ = {
			isa = XCBuildConfiguration;
			buildSettings = {
				ALWAYS_SEARCH_USER_PATHS = NO;
				CLANG_ANALYZER_NONNULL = YES;
				CLANG_ANALYZER_NUMBER_OBJECT_CONVERSION = YES_AGGRESSIVE;
				CLANG_CXX_LANGUAGE_STANDARD = "gnu++14";
				CLANG_CXX_LIBRARY = "libc++";
				CLANG_ENABLE_MODULES = YES;
				CLANG_ENABLE_OBJC_ARC = YES;
				CLANG_ENABLE_OBJC_WEAK = YES;
				CLANG_WARN_BLOCK_CAPTURE_AUTORELEASING = YES;
				CLANG_WARN_BOOL_CONVERSION = YES;
				CLANG_WARN_COMMA = YES;
				CLANG_WARN_CONSTANT_CONVERSION = YES;
				CLANG_WARN_DEPRECATED_OBJC_IMPLEMENTATIONS = YES;
				CLANG_WARN_DIRECT_OBJC_ISA_USAGE = YES_ERROR;
				CLANG_WARN_DOCUMENTATION_COMMENTS = YES;
				CLANG_WARN_EMPTY_BODY = YES;
				CLANG_WARN_ENUM_CONVERSION = YES;
				CLANG_WARN_INFINITE_RECURSION = YES;
				CLANG_WARN_INT_CONVERSION = YES;
				CLANG_WARN_NON_LITERAL_NULL_CONVERSION = YES;
				CLANG_WARN_OBJC_IMPLICIT_RETAIN_SELF = YES;
				CLANG_WARN_OBJC_LITERAL_CONVERSION = YES;
				CLANG_WARN_OBJC_ROOT_CLASS = YES_ERROR;
				CLANG_WARN_RANGE_LOOP_ANALYSIS = YES;
				CLANG_WARN_STRICT_PROTOTYPES = YES;
				CLANG_WARN_SUSPICIOUS_MOVE = YES;
				CLANG_WARN_UNGUARDED_AVAILABILITY = YES_AGGRESSIVE;
				CLANG_WARN_UNREACHABLE_CODE = YES;
				CLANG_WARN__DUPLICATE_METHOD_MATCH = YES;
				COPY_PHASE_STRIP = NO;
				DEBUG_INFORMATION_FORMAT = dwarf;
				ENABLE_STRICT_OBJC_MSGSEND = YES;
				ENABLE_TESTABILITY = YES;
				GCC_C_LANGUAGE_STANDARD = gnu11;
				GCC_DYNAMIC_NO_PIC = NO;
				GCC_NO_COMMON_BLOCKS = YES;
				GCC_OPTIMIZATION_LEVEL = 0;
				GCC_PREPROCESSOR_DEFINITIONS = (
					"DEBUG=1",
					"$(inherited)",
				);
				GCC_WARN_64_TO_32_BIT_CONVERSION = YES;
				GCC_WARN_ABOUT_RETURN_TYPE = YES_ERROR;
				GCC_WARN_UNDECLARED_SELECTOR = YES;
				GCC_WARN_UNINITIALIZED_AUTOS = YES_AGGRESSIVE;
				GCC_WARN_UNUSED_FUNCTION = YES;
				GCC_WARN_UNUSED_VARIABLE = YES;
				IPHONEOS_DEPLOYMENT_TARGET = 13.2;
				MTL_ENABLE_DEBUG_INFO = INCLUDE_SOURCE;
				MTL_FAST_MATH = YES;
				ONLY_ACTIVE_ARCH = YES;
				SDKROOT = iphoneos;
				SWIFT_ACTIVE_COMPILATION_CONDITIONS = DEBUG;
				SWIFT_OPTIMIZATION_LEVEL = "-Onone";
			};
			name = Debug;
		};
		72FE08C02390606E00A5472A /* Release */ = {
			isa = XCBuildConfiguration;
			buildSettings = {
				ALWAYS_SEARCH_USER_PATHS = NO;
				CLANG_ANALYZER_NONNULL = YES;
				CLANG_ANALYZER_NUMBER_OBJECT_CONVERSION = YES_AGGRESSIVE;
				CLANG_CXX_LANGUAGE_STANDARD = "gnu++14";
				CLANG_CXX_LIBRARY = "libc++";
				CLANG_ENABLE_MODULES = YES;
				CLANG_ENABLE_OBJC_ARC = YES;
				CLANG_ENABLE_OBJC_WEAK = YES;
				CLANG_WARN_BLOCK_CAPTURE_AUTORELEASING = YES;
				CLANG_WARN_BOOL_CONVERSION = YES;
				CLANG_WARN_COMMA = YES;
				CLANG_WARN_CONSTANT_CONVERSION = YES;
				CLANG_WARN_DEPRECATED_OBJC_IMPLEMENTATIONS = YES;
				CLANG_WARN_DIRECT_OBJC_ISA_USAGE = YES_ERROR;
				CLANG_WARN_DOCUMENTATION_COMMENTS = YES;
				CLANG_WARN_EMPTY_BODY = YES;
				CLANG_WARN_ENUM_CONVERSION = YES;
				CLANG_WARN_INFINITE_RECURSION = YES;
				CLANG_WARN_INT_CONVERSION = YES;
				CLANG_WARN_NON_LITERAL_NULL_CONVERSION = YES;
				CLANG_WARN_OBJC_IMPLICIT_RETAIN_SELF = YES;
				CLANG_WARN_OBJC_LITERAL_CONVERSION = YES;
				CLANG_WARN_OBJC_ROOT_CLASS = YES_ERROR;
				CLANG_WARN_RANGE_LOOP_ANALYSIS = YES;
				CLANG_WARN_STRICT_PROTOTYPES = YES;
				CLANG_WARN_SUSPICIOUS_MOVE = YES;
				CLANG_WARN_UNGUARDED_AVAILABILITY = YES_AGGRESSIVE;
				CLANG_WARN_UNREACHABLE_CODE = YES;
				CLANG_WARN__DUPLICATE_METHOD_MATCH = YES;
				COPY_PHASE_STRIP = NO;
				DEBUG_INFORMATION_FORMAT = "dwarf-with-dsym";
				ENABLE_NS_ASSERTIONS = NO;
				ENABLE_STRICT_OBJC_MSGSEND = YES;
				GCC_C_LANGUAGE_STANDARD = gnu11;
				GCC_NO_COMMON_BLOCKS = YES;
				GCC_WARN_64_TO_32_BIT_CONVERSION = YES;
				GCC_WARN_ABOUT_RETURN_TYPE = YES_ERROR;
				GCC_WARN_UNDECLARED_SELECTOR = YES;
				GCC_WARN_UNINITIALIZED_AUTOS = YES_AGGRESSIVE;
				GCC_WARN_UNUSED_FUNCTION = YES;
				GCC_WARN_UNUSED_VARIABLE = YES;
				IPHONEOS_DEPLOYMENT_TARGET = 13.2;
				MTL_ENABLE_DEBUG_INFO = NO;
				MTL_FAST_MATH = YES;
				SDKROOT = iphoneos;
				SWIFT_COMPILATION_MODE = wholemodule;
				SWIFT_OPTIMIZATION_LEVEL = "-O";
				VALIDATE_PRODUCT = YES;
			};
			name = Release;
		};
		72FE08C22390606E00A5472A /* Debug */ = {
			isa = XCBuildConfiguration;
			buildSettings = {
				ASSETCATALOG_COMPILER_APPICON_NAME = AppIcon;
				CODE_SIGN_STYLE = Automatic;
				DEVELOPMENT_TEAM = 32XUV35973;
				INFOPLIST_FILE = SampleWeatherApp/Info.plist;
				LD_RUNPATH_SEARCH_PATHS = (
					"$(inherited)",
					"@executable_path/Frameworks",
				);
				PRODUCT_BUNDLE_IDENTIFIER = pl.apagroup.SampleWeatherApp;
				PRODUCT_NAME = "$(TARGET_NAME)";
				SWIFT_VERSION = 5.0;
				TARGETED_DEVICE_FAMILY = "1,2";
			};
			name = Debug;
		};
		72FE08C32390606E00A5472A /* Release */ = {
			isa = XCBuildConfiguration;
			buildSettings = {
				ASSETCATALOG_COMPILER_APPICON_NAME = AppIcon;
				CODE_SIGN_STYLE = Automatic;
				DEVELOPMENT_TEAM = 32XUV35973;
				INFOPLIST_FILE = SampleWeatherApp/Info.plist;
				LD_RUNPATH_SEARCH_PATHS = (
					"$(inherited)",
					"@executable_path/Frameworks",
				);
				PRODUCT_BUNDLE_IDENTIFIER = pl.apagroup.SampleWeatherApp;
				PRODUCT_NAME = "$(TARGET_NAME)";
				SWIFT_VERSION = 5.0;
				TARGETED_DEVICE_FAMILY = "1,2";
			};
			name = Release;
		};
/* End XCBuildConfiguration section */

/* Begin XCConfigurationList section */
		72FE08A82390606D00A5472A /* Build configuration list for PBXProject "SampleWeatherApp" */ = {
			isa = XCConfigurationList;
			buildConfigurations = (
				72FE08BF2390606E00A5472A /* Debug */,
				72FE08C02390606E00A5472A /* Release */,
			);
			defaultConfigurationIsVisible = 0;
			defaultConfigurationName = Release;
		};
		72FE08C12390606E00A5472A /* Build configuration list for PBXNativeTarget "SampleWeatherApp" */ = {
			isa = XCConfigurationList;
			buildConfigurations = (
				72FE08C22390606E00A5472A /* Debug */,
				72FE08C32390606E00A5472A /* Release */,
			);
			defaultConfigurationIsVisible = 0;
			defaultConfigurationName = Release;
		};
/* End XCConfigurationList section */
	};
	rootObject = 72FE08A52390606D00A5472A /* Project object */;
}
